
Microsoft Visual Studio Solution File, Format Version 12.00
Project("{FAE04EC0-301F-11D3-BF4B-00C04F79EFBC}") = "BudgetExpenseSystem.Api", "BudgetExpenseSystem.Api\BudgetExpenseSystem.Api.csproj", "{1682A8B6-171C-4CB5-B6BB-46CD1481B6EF}"
EndProject
Project("{FAE04EC0-301F-11D3-BF4B-00C04F79EFBC}") = "BudgetExpenseSystem.Domain", "BudgetExpenseSystem.Domain\BudgetExpenseSystem.Domain.csproj", "{4C26E65E-8666-453A-97E8-90E62B068B64}"
EndProject
Project("{FAE04EC0-301F-11D3-BF4B-00C04F79EFBC}") = "BudgetExpenseSystem.Model", "BudgetExpenseSystem.Model\BudgetExpenseSystem.Model.csproj", "{97AA2143-63B6-47A4-994D-A90B166537D0}"
EndProject
Project("{FAE04EC0-301F-11D3-BF4B-00C04F79EFBC}") = "BudgetExpenseSystem.Repository", "BudgetExpenseSystem.Repository\BudgetExpenseSystem.Repository.csproj", "{F6495DEB-760B-451A-BA01-F2CB6122AFEF}"
EndProject
Project("{FAE04EC0-301F-11D3-BF4B-00C04F79EFBC}") = "BudgetExpenseSystem.WebSocket", "BudgetExpenseSystem.WebSocket\BudgetExpenseSystem.WebSocket.csproj", "{F69B2FAD-1A09-4EF3-A0AA-C0EB94BE18B5}"
EndProject
Project("{FAE04EC0-301F-11D3-BF4B-00C04F79EFBC}") = "BudgetExpenseSystem.Service", "BudgetExpenseSystem.Service\BudgetExpenseSystem.Service.csproj", "{FFB6B1B2-EC88-4A42-9001-13777AF1EEA0}"
EndProject
Global
	GlobalSection(SolutionConfigurationPlatforms) = preSolution
		Debug|Any CPU = Debug|Any CPU
		Release|Any CPU = Release|Any CPU
	EndGlobalSection
	GlobalSection(ProjectConfigurationPlatforms) = postSolution
		{1682A8B6-171C-4CB5-B6BB-46CD1481B6EF}.Debug|Any CPU.ActiveCfg = Debug|Any CPU
		{1682A8B6-171C-4CB5-B6BB-46CD1481B6EF}.Debug|Any CPU.Build.0 = Debug|Any CPU
		{1682A8B6-171C-4CB5-B6BB-46CD1481B6EF}.Release|Any CPU.ActiveCfg = Release|Any CPU
		{1682A8B6-171C-4CB5-B6BB-46CD1481B6EF}.Release|Any CPU.Build.0 = Release|Any CPU
		{4C26E65E-8666-453A-97E8-90E62B068B64}.Debug|Any CPU.ActiveCfg = Debug|Any CPU
		{4C26E65E-8666-453A-97E8-90E62B068B64}.Debug|Any CPU.Build.0 = Debug|Any CPU
		{4C26E65E-8666-453A-97E8-90E62B068B64}.Release|Any CPU.ActiveCfg = Release|Any CPU
		{4C26E65E-8666-453A-97E8-90E62B068B64}.Release|Any CPU.Build.0 = Release|Any CPU
		{97AA2143-63B6-47A4-994D-A90B166537D0}.Debug|Any CPU.ActiveCfg = Debug|Any CPU
		{97AA2143-63B6-47A4-994D-A90B166537D0}.Debug|Any CPU.Build.0 = Debug|Any CPU
		{97AA2143-63B6-47A4-994D-A90B166537D0}.Release|Any CPU.ActiveCfg = Release|Any CPU
		{97AA2143-63B6-47A4-994D-A90B166537D0}.Release|Any CPU.Build.0 = Release|Any CPU
		{F6495DEB-760B-451A-BA01-F2CB6122AFEF}.Debug|Any CPU.ActiveCfg = Debug|Any CPU
		{F6495DEB-760B-451A-BA01-F2CB6122AFEF}.Debug|Any CPU.Build.0 = Debug|Any CPU
		{F6495DEB-760B-451A-BA01-F2CB6122AFEF}.Release|Any CPU.ActiveCfg = Release|Any CPU
		{F6495DEB-760B-451A-BA01-F2CB6122AFEF}.Release|Any CPU.Build.0 = Release|Any CPU
		{F69B2FAD-1A09-4EF3-A0AA-C0EB94BE18B5}.Debug|Any CPU.ActiveCfg = Debug|Any CPU
		{F69B2FAD-1A09-4EF3-A0AA-C0EB94BE18B5}.Debug|Any CPU.Build.0 = Debug|Any CPU
		{F69B2FAD-1A09-4EF3-A0AA-C0EB94BE18B5}.Release|Any CPU.ActiveCfg = Release|Any CPU
		{F69B2FAD-1A09-4EF3-A0AA-C0EB94BE18B5}.Release|Any CPU.Build.0 = Release|Any CPU
		{FFB6B1B2-EC88-4A42-9001-13777AF1EEA0}.Debug|Any CPU.ActiveCfg = Debug|Any CPU
		{FFB6B1B2-EC88-4A42-9001-13777AF1EEA0}.Debug|Any CPU.Build.0 = Debug|Any CPU
		{FFB6B1B2-EC88-4A42-9001-13777AF1EEA0}.Release|Any CPU.ActiveCfg = Release|Any CPU
		{FFB6B1B2-EC88-4A42-9001-13777AF1EEA0}.Release|Any CPU.Build.0 = Release|Any CPU
	EndGlobalSection
EndGlobal
